
Microsoft Visual Studio Solution File, Format Version 12.00
# Visual Studio Version 16
VisualStudioVersion = 16.0.31019.35
MinimumVisualStudioVersion = 10.0.40219.1
Project("{FAE04EC0-301F-11D3-BF4B-00C04F79EFBC}") = "Ejemplo 1", "Ejemplo 1.csproj", "{51DBD666-DB24-4CB2-876E-84F5183534AB}"
EndProject
Global
	GlobalSection(SolutionConfigurationPlatforms) = preSolution
		Debug|Any CPU = Debug|Any CPU
		Release|Any CPU = Release|Any CPU
	EndGlobalSection
	GlobalSection(ProjectConfigurationPlatforms) = postSolution
		{51DBD666-DB24-4CB2-876E-84F5183534AB}.Debug|Any CPU.ActiveCfg = Debug|Any CPU
		{51DBD666-DB24-4CB2-876E-84F5183534AB}.Debug|Any CPU.Build.0 = Debug|Any CPU
		{51DBD666-DB24-4CB2-876E-84F5183534AB}.Release|Any CPU.ActiveCfg = Release|Any CPU
		{51DBD666-DB24-4CB2-876E-84F5183534AB}.Release|Any CPU.Build.0 = Release|Any CPU
	EndGlobalSection
	GlobalSection(SolutionProperties) = preSolution
		HideSolutionNode = FALSE
	EndGlobalSection
	GlobalSection(ExtensibilityGlobals) = postSolution
		SolutionGuid = {6FA9A07F-1199-4730-929E-98A1C7330250}
	EndGlobalSection
EndGlobal
